
Microsoft Visual Studio Solution File, Format Version 12.00
# Visual Studio 15
VisualStudioVersion = 15.0.28307.539
MinimumVisualStudioVersion = 10.0.40219.1
Project("{FAE04EC0-301F-11D3-BF4B-00C04F79EFBC}") = "chating", "chating\chating.csproj", "{3499DAA9-5FB2-4546-8B18-3E4B97D70622}"
EndProject
Project("{54435603-DBB4-11D2-8724-00A0C9A8B90C}") = "Chating_setup", "Chating_setup\Chating_setup.vdproj", "{446F614A-3E32-4D1B-963D-9D4AE4FD2CBC}"
EndProject
Global
	GlobalSection(SolutionConfigurationPlatforms) = preSolution
		Debug|Any CPU = Debug|Any CPU
		Release|Any CPU = Release|Any CPU
	EndGlobalSection
	GlobalSection(ProjectConfigurationPlatforms) = postSolution
		{3499DAA9-5FB2-4546-8B18-3E4B97D70622}.Debug|Any CPU.ActiveCfg = Debug|Any CPU
		{3499DAA9-5FB2-4546-8B18-3E4B97D70622}.Debug|Any CPU.Build.0 = Debug|Any CPU
		{3499DAA9-5FB2-4546-8B18-3E4B97D70622}.Release|Any CPU.ActiveCfg = Release|Any CPU
		{3499DAA9-5FB2-4546-8B18-3E4B97D70622}.Release|Any CPU.Build.0 = Release|Any CPU
		{446F614A-3E32-4D1B-963D-9D4AE4FD2CBC}.Debug|Any CPU.ActiveCfg = Debug
		{446F614A-3E32-4D1B-963D-9D4AE4FD2CBC}.Release|Any CPU.ActiveCfg = Release
	EndGlobalSection
	GlobalSection(SolutionProperties) = preSolution
		HideSolutionNode = FALSE
	EndGlobalSection
	GlobalSection(ExtensibilityGlobals) = postSolution
		SolutionGuid = {87AD9458-014B-4162-91DC-7F041CF81FF3}
	EndGlobalSection
EndGlobal
